dependencies:
- name: victoria-metrics-operator
  repository: https://victoriametrics.github.io/helm-charts/
  version: 0.36.0
- name: prometheus-node-exporter
  repository: https://prometheus-community.github.io/helm-charts
  version: 4.39.0
- name: prometheus-operator-crds
  repository: https://prometheus-community.github.io/helm-charts
  version: 15.0.0
- name: kube-state-metrics
  repository: https://prometheus-community.github.io/helm-charts
  version: 5.25.1
- name: fluent-bit
  repository: https://fluent.github.io/helm-charts
  version: 0.47.10
digest: sha256:5d51e7e76aaa2891e2c1d115de6e9aa40abcd62bba9a286fdcdf7d2ad3bb2840
generated: "2024-11-18T16:25:44.543741+01:00"
