dependencies:
- name: grafana-operator
  repository: oci://ghcr.io/grafana/helm-charts
  version: v5.13.0
- name: opentelemetry-operator
  repository: https://open-telemetry.github.io/opentelemetry-helm-charts
  version: 0.69.0
- name: victoria-metrics-operator
  repository: https://victoriametrics.github.io/helm-charts/
  version: 0.36.0
- name: prometheus-node-exporter
  repository: https://prometheus-community.github.io/helm-charts
  version: 4.39.0
- name: prometheus-operator-crds
  repository: https://prometheus-community.github.io/helm-charts
  version: 15.0.0
- name: kube-state-metrics
  repository: https://prometheus-community.github.io/helm-charts
  version: 5.25.1
- name: victoria-logs-single
  repository: https://victoriametrics.github.io/helm-charts/
  version: 0.7.3
- name: fluent-bit
  repository: https://fluent.github.io/helm-charts
  version: 0.47.10
digest: sha256:95ed21dde703d002ed22e4bc6a9471296af2aedf33e88a2fa93a6aa01b033319
generated: "2024-11-11T21:14:50.413436534+01:00"
